{
  "name": "815-layout",
  "version": "0.1.0",
  "lockfileVersion": 3,
  "requires": true,
  "packages": {
    "": {
      "name": "815-layout",
      "version": "0.1.0",
      "dependencies": {
        "graphology": "^0.25.4",
        "graphology-communities-louvain": "^2.0.1",
        "graphology-gexf": "^0.13.2",
        "graphology-layout-forceatlas2": "^0.10.1"
      }
    },
    "node_modules/@xmldom/xmldom": {
      "version": "0.8.13",
      "resolved": "https://registry.npmjs.org/@xmldom/xmldom/-/xmldom-0.8.13.tgz",
      "integrity": "sha512-KRYzxepc14G/CEpEGc3Yn+JKaAeT63smlDr+vjB8jRfgTBBI9wRj/nkQEO+ucV8p8I9bfKLWp37uHgFrbntPvw==",
      "license": "MIT",
      "engines": {
        "node": ">=10.0.0"
      }
    },
    "node_modules/events": {
      "version": "3.3.0",
      "resolved": "https://registry.npmjs.org/events/-/events-3.3.0.tgz",
      "integrity": "sha512-mQw+2fkQbALzQ7V0MY0IqdnXNOeTtP4r0lN9z7AAawCXgqea7bDii20AYrIBrFd/Hx0M2Ocz6S111CaFkUcb0Q==",
      "license": "MIT",
      "engines": {
        "node": ">=0.8.x"
      }
    },
    "node_modules/graphology": {
      "version": "0.25.4",
      "resolved": "https://registry.npmjs.org/graphology/-/graphology-0.25.4.tgz",
      "integrity": "sha512-33g0Ol9nkWdD6ulw687viS8YJQBxqG5LWII6FI6nul0pq6iM2t5EKquOTFDbyTblRB3O9I+7KX4xI8u5ffekAQ==",
      "license": "MIT",
      "dependencies": {
        "events": "^3.3.0",
        "obliterator": "^2.0.2"
      },
      "peerDependencies": {
        "graphology-types": ">=0.24.0"
      }
    },
    "node_modules/graphology-communities-louvain": {
      "version": "2.0.2",
      "resolved": "https://registry.npmjs.org/graphology-communities-louvain/-/graphology-communities-louvain-2.0.2.tgz",
      "integrity": "sha512-zt+2hHVPYxjEquyecxWXoUoIuN/UvYzsvI7boDdMNz0rRvpESQ7+e+Ejv6wK7AThycbZXuQ6DkG8NPMCq6XwoA==",
      "license": "MIT",
      "dependencies": {
        "graphology-indices": "^0.17.0",
        "graphology-utils": "^2.4.4",
        "mnemonist": "^0.39.0",
        "pandemonium": "^2.4.1"
      },
      "peerDependencies": {
        "graphology-types": ">=0.19.0"
      }
    },
    "node_modules/graphology-gexf": {
      "version": "0.13.2",
      "resolved": "https://registry.npmjs.org/graphology-gexf/-/graphology-gexf-0.13.2.tgz",
      "integrity": "sha512-7LW1em9RNCtZ7qsnTSEVl0EYGz7lzbZTW8e5xxbcrM2LojZl0x8KS2Z3Q1KNhFX2gVVQ+h0M/CTcdz+B9MQfjg==",
      "license": "MIT",
      "dependencies": {
        "@xmldom/xmldom": "^0.8.3",
        "graphology-utils": "^2.4.1",
        "xml-writer": "^1.7.0"
      },
      "peerDependencies": {
        "graphology-types": ">=0.20.0"
      }
    },
    "node_modules/graphology-indices": {
      "version": "0.17.0",
      "resolved": "https://registry.npmjs.org/graphology-indices/-/graphology-indices-0.17.0.tgz",
      "integrity": "sha512-A7RXuKQvdqSWOpn7ZVQo4S33O0vCfPBnUSf7FwE0zNCasqwZVUaCXePuWo5HBpWw68KJcwObZDHpFk6HKH6MYQ==",
      "license": "MIT",
      "dependencies": {
        "graphology-utils": "^2.4.2",
        "mnemonist": "^0.39.0"
      },
      "peerDependencies": {
        "graphology-types": ">=0.20.0"
      }
    },
    "node_modules/graphology-layout-forceatlas2": {
      "version": "0.10.1",
      "resolved": "https://registry.npmjs.org/graphology-layout-forceatlas2/-/graphology-layout-forceatlas2-0.10.1.tgz",
      "integrity": "sha512-ogzBeF1FvWzjkikrIFwxhlZXvD2+wlY54lqhsrWprcdPjopM2J9HoMweUmIgwaTvY4bUYVimpSsOdvDv1gPRFQ==",
      "license": "MIT",
      "dependencies": {
        "graphology-utils": "^2.1.0"
      },
      "peerDependencies": {
        "graphology-types": ">=0.19.0"
      }
    },
    "node_modules/graphology-types": {
      "version": "0.24.8",
      "resolved": "https://registry.npmjs.org/graphology-types/-/graphology-types-0.24.8.tgz",
      "integrity": "sha512-hDRKYXa8TsoZHjgEaysSRyPdT6uB78Ci8WnjgbStlQysz7xR52PInxNsmnB7IBOM1BhikxkNyCVEFgmPKnpx3Q==",
      "license": "MIT",
      "peer": true
    },
    "node_modules/graphology-utils": {
      "version": "2.5.2",
      "resolved": "https://registry.npmjs.org/graphology-utils/-/graphology-utils-2.5.2.tgz",
      "integrity": "sha512-ckHg8MXrXJkOARk56ZaSCM1g1Wihe2d6iTmz1enGOz4W/l831MBCKSayeFQfowgF8wd+PQ4rlch/56Vs/VZLDQ==",
      "license": "MIT",
      "peerDependencies": {
        "graphology-types": ">=0.23.0"
      }
    },
    "node_modules/mnemonist": {
      "version": "0.39.8",
      "resolved": "https://registry.npmjs.org/mnemonist/-/mnemonist-0.39.8.tgz",
      "integrity": "sha512-vyWo2K3fjrUw8YeeZ1zF0fy6Mu59RHokURlld8ymdUPjMlD9EC9ov1/YPqTgqRvUN9nTr3Gqfz29LYAmu0PHPQ==",
      "license": "MIT",
      "dependencies": {
        "obliterator": "^2.0.1"
      }
    },
    "node_modules/obliterator": {
      "version": "2.0.5",
      "resolved": "https://registry.npmjs.org/obliterator/-/obliterator-2.0.5.tgz",
      "integrity": "sha512-42CPE9AhahZRsMNslczq0ctAEtqk8Eka26QofnqC346BZdHDySk3LWka23LI7ULIw11NmltpiLagIq8gBozxTw==",
      "license": "MIT"
    },
    "node_modules/pandemonium": {
      "version": "2.4.1",
      "resolved": "https://registry.npmjs.org/pandemonium/-/pandemonium-2.4.1.tgz",
      "integrity": "sha512-wRqjisUyiUfXowgm7MFH2rwJzKIr20rca5FsHXCMNm1W5YPP1hCtrZfgmQ62kP7OZ7Xt+cR858aB28lu5NX55g==",
      "license": "MIT",
      "dependencies": {
        "mnemonist": "^0.39.2"
      }
    },
    "node_modules/xml-writer": {
      "version": "1.7.0",
      "resolved": "https://registry.npmjs.org/xml-writer/-/xml-writer-1.7.0.tgz",
      "integrity": "sha512-elFVMRiV5jb59fbc87zzVa0C01QLBEWP909mRuWqFqrYC5wNTH5QW4AaKMNv7d6zAsuOulkD7wnztZNLQW0Nfg==",
      "license": "MIT",
      "engines": {
        "node": ">=0.4.0"
      }
    }
  }
}
